
Microsoft Visual Studio Solution File, Format Version 12.00
# Visual Studio 15
Project("{FAE04EC0-301F-11D3-BF4B-00C04F79EFBC}") = "Dog", "Dog\Dog.csproj", "{EFC860F9-FDFF-4BC5-81CF-807435750823}"
EndProject
Global
	GlobalSection(SolutionConfigurationPlatforms) = preSolution
		Debug|Any CPU = Debug|Any CPU
		Release|Any CPU = Release|Any CPU
	EndGlobalSection
	GlobalSection(ProjectConfigurationPlatforms) = postSolution
		{EFC860F9-FDFF-4BC5-81CF-807435750823}.Debug|Any CPU.ActiveCfg = Debug|Any CPU
		{EFC860F9-FDFF-4BC5-81CF-807435750823}.Debug|Any CPU.Build.0 = Debug|Any CPU
		{EFC860F9-FDFF-4BC5-81CF-807435750823}.Release|Any CPU.ActiveCfg = Release|Any CPU
		{EFC860F9-FDFF-4BC5-81CF-807435750823}.Release|Any CPU.Build.0 = Release|Any CPU
	EndGlobalSection
EndGlobal
